
Microsoft Visual Studio Solution File, Format Version 12.00
# Visual Studio Version 16
VisualStudioVersion = 16.0.29411.108
MinimumVisualStudioVersion = 10.0.40219.1
Project("{FAE04EC0-301F-11D3-BF4B-00C04F79EFBC}") = "serverMessaging", "serverMessaging.csproj", "{84F0D01F-4C9A-4C32-BB59-C1C35EE353CE}"
EndProject
Project("{FAE04EC0-301F-11D3-BF4B-00C04F79EFBC}") = "serverTests", "..\serverTests\serverTests.csproj", "{A4895C50-6D8A-494A-B137-50ECC86DA680}"
EndProject
Global
	GlobalSection(SolutionConfigurationPlatforms) = preSolution
		Debug|Any CPU = Debug|Any CPU
		Release|Any CPU = Release|Any CPU
	EndGlobalSection
	GlobalSection(ProjectConfigurationPlatforms) = postSolution
		{84F0D01F-4C9A-4C32-BB59-C1C35EE353CE}.Debug|Any CPU.ActiveCfg = Debug|Any CPU
		{84F0D01F-4C9A-4C32-BB59-C1C35EE353CE}.Debug|Any CPU.Build.0 = Debug|Any CPU
		{84F0D01F-4C9A-4C32-BB59-C1C35EE353CE}.Release|Any CPU.ActiveCfg = Release|Any CPU
		{84F0D01F-4C9A-4C32-BB59-C1C35EE353CE}.Release|Any CPU.Build.0 = Release|Any CPU
		{A4895C50-6D8A-494A-B137-50ECC86DA680}.Debug|Any CPU.ActiveCfg = Debug|Any CPU
		{A4895C50-6D8A-494A-B137-50ECC86DA680}.Debug|Any CPU.Build.0 = Debug|Any CPU
		{A4895C50-6D8A-494A-B137-50ECC86DA680}.Release|Any CPU.ActiveCfg = Release|Any CPU
		{A4895C50-6D8A-494A-B137-50ECC86DA680}.Release|Any CPU.Build.0 = Release|Any CPU
	EndGlobalSection
	GlobalSection(SolutionProperties) = preSolution
		HideSolutionNode = FALSE
	EndGlobalSection
	GlobalSection(ExtensibilityGlobals) = postSolution
		SolutionGuid = {96F020DB-DC06-4C93-B1ED-86CA2AC8403B}
	EndGlobalSection
EndGlobal
